
Microsoft Visual Studio Solution File, Format Version 12.00
# Visual Studio Version 17
VisualStudioVersion = 17.12.35527.113
MinimumVisualStudioVersion = 10.0.40219.1
Project("{FAE04EC0-301F-11D3-BF4B-00C04F79EFBC}") = "ProblemaRobos", "ProblemaRobos\ProblemaRobos.csproj", "{5E033968-6CFA-4DFC-907E-B977103BC007}"
EndProject
Project("{FAE04EC0-301F-11D3-BF4B-00C04F79EFBC}") = "PP.Tests", "PP.Tests\PP.Tests.csproj", "{0813D903-E5CE-4CE7-8343-ED54B2939AA1}"
EndProject
Global
	GlobalSection(SolutionConfigurationPlatforms) = preSolution
		Debug|Any CPU = Debug|Any CPU
		Release|Any CPU = Release|Any CPU
	EndGlobalSection
	GlobalSection(ProjectConfigurationPlatforms) = postSolution
		{5E033968-6CFA-4DFC-907E-B977103BC007}.Debug|Any CPU.ActiveCfg = Debug|Any CPU
		{5E033968-6CFA-4DFC-907E-B977103BC007}.Debug|Any CPU.Build.0 = Debug|Any CPU
		{5E033968-6CFA-4DFC-907E-B977103BC007}.Release|Any CPU.ActiveCfg = Release|Any CPU
		{5E033968-6CFA-4DFC-907E-B977103BC007}.Release|Any CPU.Build.0 = Release|Any CPU
		{0813D903-E5CE-4CE7-8343-ED54B2939AA1}.Debug|Any CPU.ActiveCfg = Debug|Any CPU
		{0813D903-E5CE-4CE7-8343-ED54B2939AA1}.Debug|Any CPU.Build.0 = Debug|Any CPU
		{0813D903-E5CE-4CE7-8343-ED54B2939AA1}.Release|Any CPU.ActiveCfg = Release|Any CPU
		{0813D903-E5CE-4CE7-8343-ED54B2939AA1}.Release|Any CPU.Build.0 = Release|Any CPU
	EndGlobalSection
	GlobalSection(SolutionProperties) = preSolution
		HideSolutionNode = FALSE
	EndGlobalSection
EndGlobal
